
Microsoft Visual Studio Solution File, Format Version 11.00
# Visual Studio 2010
Project("{FAE04EC0-301F-11D3-BF4B-00C04F79EFBC}") = "TaskManagerApp", "TaskManagerApp\TaskManagerApp.csproj", "{C7260149-728F-470B-9ADF-9BDB2589DEBF}"
EndProject
Global
	GlobalSection(SolutionConfigurationPlatforms) = preSolution
		Debug|Any CPU = Debug|Any CPU
		Release|Any CPU = Release|Any CPU
	EndGlobalSection
	GlobalSection(ProjectConfigurationPlatforms) = postSolution
		{C7260149-728F-470B-9ADF-9BDB2589DEBF}.Debug|Any CPU.ActiveCfg = Debug|Any CPU
		{C7260149-728F-470B-9ADF-9BDB2589DEBF}.Debug|Any CPU.Build.0 = Debug|Any CPU
		{C7260149-728F-470B-9ADF-9BDB2589DEBF}.Release|Any CPU.ActiveCfg = Release|Any CPU
		{C7260149-728F-470B-9ADF-9BDB2589DEBF}.Release|Any CPU.Build.0 = Release|Any CPU
	EndGlobalSection
	GlobalSection(SolutionProperties) = preSolution
		HideSolutionNode = FALSE
	EndGlobalSection
EndGlobal
