
Microsoft Visual Studio Solution File, Format Version 11.00
# Visual Studio 2010
Project("{FAE04EC0-301F-11D3-BF4B-00C04F79EFBC}") = "CsCollection", "CsCollection\CsCollection.csproj", "{73D81398-B296-431E-BCA4-C1C00E08E5C6}"
EndProject
Global
	GlobalSection(SolutionConfigurationPlatforms) = preSolution
		Debug|Any CPU = Debug|Any CPU
		Release|Any CPU = Release|Any CPU
	EndGlobalSection
	GlobalSection(ProjectConfigurationPlatforms) = postSolution
		{73D81398-B296-431E-BCA4-C1C00E08E5C6}.Debug|Any CPU.ActiveCfg = Debug|Any CPU
		{73D81398-B296-431E-BCA4-C1C00E08E5C6}.Debug|Any CPU.Build.0 = Debug|Any CPU
		{73D81398-B296-431E-BCA4-C1C00E08E5C6}.Release|Any CPU.ActiveCfg = Release|Any CPU
		{73D81398-B296-431E-BCA4-C1C00E08E5C6}.Release|Any CPU.Build.0 = Release|Any CPU
	EndGlobalSection
	GlobalSection(SolutionProperties) = preSolution
		HideSolutionNode = FALSE
	EndGlobalSection
EndGlobal
